
Microsoft Visual Studio Solution File, Format Version 12.00
# Visual Studio Version 16
VisualStudioVersion = 16.0.34931.43
MinimumVisualStudioVersion = 10.0.40219.1
Project("{FAE04EC0-301F-11D3-BF4B-00C04F79EFBC}") = "ACMEAccounting", "ACMEAccounting\ACMEAccounting.csproj", "{BC7A8A5D-2118-4F2D-9C24-3DCAC1D67D24}"
EndProject
Global
	GlobalSection(SolutionConfigurationPlatforms) = preSolution
		Debug|Any CPU = Debug|Any CPU
		Release|Any CPU = Release|Any CPU
	EndGlobalSection
	GlobalSection(ProjectConfigurationPlatforms) = postSolution
		{BC7A8A5D-2118-4F2D-9C24-3DCAC1D67D24}.Debug|Any CPU.ActiveCfg = Debug|Any CPU
		{BC7A8A5D-2118-4F2D-9C24-3DCAC1D67D24}.Debug|Any CPU.Build.0 = Debug|Any CPU
		{BC7A8A5D-2118-4F2D-9C24-3DCAC1D67D24}.Release|Any CPU.ActiveCfg = Release|Any CPU
		{BC7A8A5D-2118-4F2D-9C24-3DCAC1D67D24}.Release|Any CPU.Build.0 = Release|Any CPU
	EndGlobalSection
	GlobalSection(SolutionProperties) = preSolution
		HideSolutionNode = FALSE
	EndGlobalSection
	GlobalSection(ExtensibilityGlobals) = postSolution
		SolutionGuid = {6933D254-6D02-4494-A22D-10EB06DD21A9}
	EndGlobalSection
EndGlobal
