
Microsoft Visual Studio Solution File, Format Version 12.00
# Visual Studio Version 16
VisualStudioVersion = 16.0.34931.43
MinimumVisualStudioVersion = 10.0.40219.1
Project("{FAE04EC0-301F-11D3-BF4B-00C04F79EFBC}") = "TwentyOne", "TwentyOne\TwentyOne.csproj", "{7CF2E564-FD10-4C72-A476-08F99DDACE8B}"
EndProject
Project("{FAE04EC0-301F-11D3-BF4B-00C04F79EFBC}") = "Casino2", "Casino2\Casino2.csproj", "{20AFAEB9-214B-4439-8948-C038E7096D95}"
EndProject
Global
	GlobalSection(SolutionConfigurationPlatforms) = preSolution
		Debug|Any CPU = Debug|Any CPU
		Release|Any CPU = Release|Any CPU
	EndGlobalSection
	GlobalSection(ProjectConfigurationPlatforms) = postSolution
		{7CF2E564-FD10-4C72-A476-08F99DDACE8B}.Debug|Any CPU.ActiveCfg = Debug|Any CPU
		{7CF2E564-FD10-4C72-A476-08F99DDACE8B}.Debug|Any CPU.Build.0 = Debug|Any CPU
		{7CF2E564-FD10-4C72-A476-08F99DDACE8B}.Release|Any CPU.ActiveCfg = Release|Any CPU
		{7CF2E564-FD10-4C72-A476-08F99DDACE8B}.Release|Any CPU.Build.0 = Release|Any CPU
		{20AFAEB9-214B-4439-8948-C038E7096D95}.Debug|Any CPU.ActiveCfg = Debug|Any CPU
		{20AFAEB9-214B-4439-8948-C038E7096D95}.Debug|Any CPU.Build.0 = Debug|Any CPU
		{20AFAEB9-214B-4439-8948-C038E7096D95}.Release|Any CPU.ActiveCfg = Release|Any CPU
		{20AFAEB9-214B-4439-8948-C038E7096D95}.Release|Any CPU.Build.0 = Release|Any CPU
	EndGlobalSection
	GlobalSection(SolutionProperties) = preSolution
		HideSolutionNode = FALSE
	EndGlobalSection
	GlobalSection(ExtensibilityGlobals) = postSolution
		SolutionGuid = {D791E048-07EE-4C8A-A49A-D3C1D2214F34}
	EndGlobalSection
EndGlobal
