
Microsoft Visual Studio Solution File, Format Version 12.00
# Visual Studio Version 16
VisualStudioVersion = 16.0.34931.43
MinimumVisualStudioVersion = 10.0.40219.1
Project("{FAE04EC0-301F-11D3-BF4B-00C04F79EFBC}") = "MathAndComparisonOperator", "MathAndComparisonOperator\MathAndComparisonOperator.csproj", "{04439F96-CFEC-42BE-962A-5E72E641CA79}"
EndProject
Global
	GlobalSection(SolutionConfigurationPlatforms) = preSolution
		Debug|Any CPU = Debug|Any CPU
		Release|Any CPU = Release|Any CPU
	EndGlobalSection
	GlobalSection(ProjectConfigurationPlatforms) = postSolution
		{04439F96-CFEC-42BE-962A-5E72E641CA79}.Debug|Any CPU.ActiveCfg = Debug|Any CPU
		{04439F96-CFEC-42BE-962A-5E72E641CA79}.Debug|Any CPU.Build.0 = Debug|Any CPU
		{04439F96-CFEC-42BE-962A-5E72E641CA79}.Release|Any CPU.ActiveCfg = Release|Any CPU
		{04439F96-CFEC-42BE-962A-5E72E641CA79}.Release|Any CPU.Build.0 = Release|Any CPU
	EndGlobalSection
	GlobalSection(SolutionProperties) = preSolution
		HideSolutionNode = FALSE
	EndGlobalSection
	GlobalSection(ExtensibilityGlobals) = postSolution
		SolutionGuid = {1A7A2DB6-15C5-44B8-AD38-8F0D432289F9}
	EndGlobalSection
EndGlobal
