
Microsoft Visual Studio Solution File, Format Version 12.00
# Visual Studio Version 16
VisualStudioVersion = 16.0.34931.43
MinimumVisualStudioVersion = 10.0.40219.1
Project("{FAE04EC0-301F-11D3-BF4B-00C04F79EFBC}") = "IterationsChallengeAssignment", "IterationsChallengeAssignment\IterationsChallengeAssignment.csproj", "{AE975606-D302-4170-B3B1-90EEFFE8E8A5}"
EndProject
Global
	GlobalSection(SolutionConfigurationPlatforms) = preSolution
		Debug|Any CPU = Debug|Any CPU
		Release|Any CPU = Release|Any CPU
	EndGlobalSection
	GlobalSection(ProjectConfigurationPlatforms) = postSolution
		{AE975606-D302-4170-B3B1-90EEFFE8E8A5}.Debug|Any CPU.ActiveCfg = Debug|Any CPU
		{AE975606-D302-4170-B3B1-90EEFFE8E8A5}.Debug|Any CPU.Build.0 = Debug|Any CPU
		{AE975606-D302-4170-B3B1-90EEFFE8E8A5}.Release|Any CPU.ActiveCfg = Release|Any CPU
		{AE975606-D302-4170-B3B1-90EEFFE8E8A5}.Release|Any CPU.Build.0 = Release|Any CPU
	EndGlobalSection
	GlobalSection(SolutionProperties) = preSolution
		HideSolutionNode = FALSE
	EndGlobalSection
	GlobalSection(ExtensibilityGlobals) = postSolution
		SolutionGuid = {997D54F9-FA88-4421-A7C1-01AD4C6807B2}
	EndGlobalSection
EndGlobal
