
Microsoft Visual Studio Solution File, Format Version 12.00
# Visual Studio Version 16
VisualStudioVersion = 16.0.34931.43
MinimumVisualStudioVersion = 10.0.40219.1
Project("{FAE04EC0-301F-11D3-BF4B-00C04F79EFBC}") = "MethodClass", "MethodClass\MethodClass.csproj", "{04B497BF-E071-4BAE-998E-75E233BC5AB5}"
EndProject
Global
	GlobalSection(SolutionConfigurationPlatforms) = preSolution
		Debug|Any CPU = Debug|Any CPU
		Release|Any CPU = Release|Any CPU
	EndGlobalSection
	GlobalSection(ProjectConfigurationPlatforms) = postSolution
		{04B497BF-E071-4BAE-998E-75E233BC5AB5}.Debug|Any CPU.ActiveCfg = Debug|Any CPU
		{04B497BF-E071-4BAE-998E-75E233BC5AB5}.Debug|Any CPU.Build.0 = Debug|Any CPU
		{04B497BF-E071-4BAE-998E-75E233BC5AB5}.Release|Any CPU.ActiveCfg = Release|Any CPU
		{04B497BF-E071-4BAE-998E-75E233BC5AB5}.Release|Any CPU.Build.0 = Release|Any CPU
	EndGlobalSection
	GlobalSection(SolutionProperties) = preSolution
		HideSolutionNode = FALSE
	EndGlobalSection
	GlobalSection(ExtensibilityGlobals) = postSolution
		SolutionGuid = {DA7ED084-C74B-4A13-8D87-0D67CD21D9D0}
	EndGlobalSection
EndGlobal
