
Microsoft Visual Studio Solution File, Format Version 12.00
# Visual Studio Version 17
VisualStudioVersion = 17.11.35222.181
MinimumVisualStudioVersion = 10.0.40219.1
Project("{FAE04EC0-301F-11D3-BF4B-00C04F79EFBC}") = "TechStoreInventory", "TechStoreInventory\TechStoreInventory.csproj", "{C2B80ED1-7E04-4B43-BD7E-9D7501450848}"
EndProject
Global
	GlobalSection(SolutionConfigurationPlatforms) = preSolution
		Debug|Any CPU = Debug|Any CPU
		Release|Any CPU = Release|Any CPU
	EndGlobalSection
	GlobalSection(ProjectConfigurationPlatforms) = postSolution
		{C2B80ED1-7E04-4B43-BD7E-9D7501450848}.Debug|Any CPU.ActiveCfg = Debug|Any CPU
		{C2B80ED1-7E04-4B43-BD7E-9D7501450848}.Debug|Any CPU.Build.0 = Debug|Any CPU
		{C2B80ED1-7E04-4B43-BD7E-9D7501450848}.Release|Any CPU.ActiveCfg = Release|Any CPU
		{C2B80ED1-7E04-4B43-BD7E-9D7501450848}.Release|Any CPU.Build.0 = Release|Any CPU
	EndGlobalSection
	GlobalSection(SolutionProperties) = preSolution
		HideSolutionNode = FALSE
	EndGlobalSection
	GlobalSection(ExtensibilityGlobals) = postSolution
		SolutionGuid = {98CF9278-D046-400E-B130-8EC6F1ECFA76}
	EndGlobalSection
EndGlobal
