
Microsoft Visual Studio Solution File, Format Version 12.00
# Visual Studio Version 16
VisualStudioVersion = 16.0.34931.43
MinimumVisualStudioVersion = 10.0.40219.1
Project("{FAE04EC0-301F-11D3-BF4B-00C04F79EFBC}") = "ClassAssignment", "ClassAssignment\ClassAssignment.csproj", "{5C3E4BA6-6347-43E7-BAB4-FA853DC93BDB}"
EndProject
Global
	GlobalSection(SolutionConfigurationPlatforms) = preSolution
		Debug|Any CPU = Debug|Any CPU
		Release|Any CPU = Release|Any CPU
	EndGlobalSection
	GlobalSection(ProjectConfigurationPlatforms) = postSolution
		{5C3E4BA6-6347-43E7-BAB4-FA853DC93BDB}.Debug|Any CPU.ActiveCfg = Debug|Any CPU
		{5C3E4BA6-6347-43E7-BAB4-FA853DC93BDB}.Debug|Any CPU.Build.0 = Debug|Any CPU
		{5C3E4BA6-6347-43E7-BAB4-FA853DC93BDB}.Release|Any CPU.ActiveCfg = Release|Any CPU
		{5C3E4BA6-6347-43E7-BAB4-FA853DC93BDB}.Release|Any CPU.Build.0 = Release|Any CPU
	EndGlobalSection
	GlobalSection(SolutionProperties) = preSolution
		HideSolutionNode = FALSE
	EndGlobalSection
	GlobalSection(ExtensibilityGlobals) = postSolution
		SolutionGuid = {F509ADD0-1EAE-4B1F-95CA-151D758C1914}
	EndGlobalSection
EndGlobal
